// !$*UTF8*$!
{
	archiveVersion = 1;
	classes = {
	};
	objectVersion = 50;
	objects = {

/* Begin PBXBuildFile section */
		D412A30F2381D4AC00D5BAD1 /* AppDelegate.swift in Sources */ = {isa = PBXBuildFile; fileRef = D412A30E2381D4AC00D5BAD1 /* AppDelegate.swift */; };
		D412A3112381D4AC00D5BAD1 /* ViewController.swift in Sources */ = {isa = PBXBuildFile; fileRef = D412A3102381D4AC00D5BAD1 /* ViewController.swift */; };
		D412A3142381D4AC00D5BAD1 /* Main.storyboard in Resources */ = {isa = PBXBuildFile; fileRef = D412A3122381D4AC00D5BAD1 /* Main.storyboard */; };
		D412A3162381D4AD00D5BAD1 /* Assets.xcassets in Resources */ = {isa = PBXBuildFile; fileRef = D412A3152381D4AD00D5BAD1 /* Assets.xcassets */; };
		D412A3192381D4AD00D5BAD1 /* LaunchScreen.storyboard in Resources */ = {isa = PBXBuildFile; fileRef = D412A3172381D4AD00D5BAD1 /* LaunchScreen.storyboard */; };
/* End PBXBuildFile section */

/* Begin PBXFileReference section */
		D412A30B2381D4AC00D5BAD1 /* Personal Quiz.app */ = {isa = PBXFileReference; explicitFileType = wrapper.application; includeInIndex = 0; path = "Personal Quiz.app"; sourceTree = BUILT_PRODUCTS_DIR; };
		D412A30E2381D4AC00D5BAD1 /* AppDelegate.swift */ = {isa = PBXFileReference; lastKnownFileType = sourcecode.swift; path = AppDelegate.swift; sourceTree = "<group>"; };
		D412A3102381D4AC00D5BAD1 /* ViewController.swift */ = {isa = PBXFileReference; lastKnownFileType = sourcecode.swift; path = ViewController.swift; sourceTree = "<group>"; };
		D412A3132381D4AC00D5BAD1 /* Base */ = {isa = PBXFileReference; lastKnownFileType = file.storyboard; name = Base; path = Base.lproj/Main.storyboard; sourceTree = "<group>"; };
		D412A3152381D4AD00D5BAD1 /* Assets.xcassets */ = {isa = PBXFileReference; lastKnownFileType = folder.assetcatalog; path = Assets.xcassets; sourceTree = "<group>"; };
		D412A3182381D4AD00D5BAD1 /* Base */ = {isa = PBXFileReference; lastKnownFileType = file.storyboard; name = Base; path = Base.lproj/LaunchScreen.storyboard; sourceTree = "<group>"; };
		D412A31A2381D4AD00D5BAD1 /* Info.plist */ = {isa = PBXFileReference; lastKnownFileType = text.plist.xml; path = Info.plist; sourceTree = "<group>"; };
/* End PBXFileReference section */

/* Begin PBXFrameworksBuildPhase section */
		D412A3082381D4AC00D5BAD1 /* Frameworks */ = {
			isa = PBXFrameworksBuildPhase;
			buildActionMask = 2147483647;
			files = (
			);
			runOnlyForDeploymentPostprocessing = 0;
		};
/* End PBXFrameworksBuildPhase section */

/* Begin PBXGroup section */
		D412A3022381D4AC00D5BAD1 = {
			isa = PBXGroup;
			children = (
				D412A30D2381D4AC00D5BAD1 /* Personal Quiz */,
				D412A30C2381D4AC00D5BAD1 /* Products */,
			);
			sourceTree = "<group>";
		};
		D412A30C2381D4AC00D5BAD1 /* Products */ = {
			isa = PBXGroup;
			children = (
				D412A30B2381D4AC00D5BAD1 /* Personal Quiz.app */,
			);
			name = Products;
			sourceTree = "<group>";
		};
		D412A30D2381D4AC00D5BAD1 /* Personal Quiz */ = {
			isa = PBXGroup;
			children = (
				D412A30E2381D4AC00D5BAD1 /* AppDelegate.swift */,
				D412A3102381D4AC00D5BAD1 /* ViewController.swift */,
				D412A3122381D4AC00D5BAD1 /* Main.storyboard */,
				D412A3152381D4AD00D5BAD1 /* Assets.xcassets */,
				D412A3172381D4AD00D5BAD1 /* LaunchScreen.storyboard */,
				D412A31A2381D4AD00D5BAD1 /* Info.plist */,
			);
			path = "Personal Quiz";
			sourceTree = "<group>";
		};
/* End PBXGroup section */

/* Begin PBXNativeTarget section */
		D412A30A2381D4AC00D5BAD1 /* Personal Quiz */ = {
			isa = PBXNativeTarget;
			buildConfigurationList = D412A31D2381D4AD00D5BAD1 /* Build configuration list for PBXNativeTarget "Personal Quiz" */;
			buildPhases = (
				D412A3072381D4AC00D5BAD1 /* Sources */,
				D412A3082381D4AC00D5BAD1 /* Frameworks */,
				D412A3092381D4AC00D5BAD1 /* Resources */,
			);
			buildRules = (
			);
			dependencies = (
			);
			name = "Personal Quiz";
			productName = "Personal Quiz";
			productReference = D412A30B2381D4AC00D5BAD1 /* Personal Quiz.app */;
			productType = "com.apple.product-type.application";
		};
/* End PBXNativeTarget section */

/* Begin PBXProject section */
		D412A3032381D4AC00D5BAD1 /* Project object */ = {
			isa = PBXProject;
			attributes = {
				LastSwiftUpdateCheck = 1030;
				LastUpgradeCheck = 1030;
				ORGANIZATIONNAME = "Рустам Махмудов";
				TargetAttributes = {
					D412A30A2381D4AC00D5BAD1 = {
						CreatedOnToolsVersion = 10.3;
					};
				};
			};
			buildConfigurationList = D412A3062381D4AC00D5BAD1 /* Build configuration list for PBXProject "Personal Quiz" */;
			compatibilityVersion = "Xcode 9.3";
			developmentRegion = en;
			hasScannedForEncodings = 0;
			knownRegions = (
				en,
				Base,
			);
			mainGroup = D412A3022381D4AC00D5BAD1;
			productRefGroup = D412A30C2381D4AC00D5BAD1 /* Products */;
			projectDirPath = "";
			projectRoot = "";
			targets = (
				D412A30A2381D4AC00D5BAD1 /* Personal Quiz */,
			);
		};
/* End PBXProject section */

/* Begin PBXResourcesBuildPhase section */
		D412A3092381D4AC00D5BAD1 /* Resources */ = {
			isa = PBXResourcesBuildPhase;
			buildActionMask = 2147483647;
			files = (
				D412A3192381D4AD00D5BAD1 /* LaunchScreen.storyboard in Resources */,
				D412A3162381D4AD00D5BAD1 /* Assets.xcassets in Resources */,
				D412A3142381D4AC00D5BAD1 /* Main.storyboard in Resources */,
			);
			runOnlyForDeploymentPostprocessing = 0;
		};
/* End PBXResourcesBuildPhase section */

/* Begin PBXSourcesBuildPhase section */
		D412A3072381D4AC00D5BAD1 /* Sources */ = {
			isa = PBXSourcesBuildPhase;
			buildActionMask = 2147483647;
			files = (
				D412A3112381D4AC00D5BAD1 /* ViewController.swift in Sources */,
				D412A30F2381D4AC00D5BAD1 /* AppDelegate.swift in Sources */,
			);
			runOnlyForDeploymentPostprocessing = 0;
		};
/* End PBXSourcesBuildPhase section */

/* Begin PBXVariantGroup section */
		D412A3122381D4AC00D5BAD1 /* Main.storyboard */ = {
			isa = PBXVariantGroup;
			children = (
				D412A3132381D4AC00D5BAD1 /* Base */,
			);
			name = Main.storyboard;
			sourceTree = "<group>";
		};
		D412A3172381D4AD00D5BAD1 /* LaunchScreen.storyboard */ = {
			isa = PBXVariantGroup;
			children = (
				D412A3182381D4AD00D5BAD1 /* Base */,
			);
			name = LaunchScreen.storyboard;
			sourceTree = "<group>";
		};
/* End PBXVariantGroup section */

/* Begin XCBuildConfiguration section */
		D412A31B2381D4AD00D5BAD1 /* Debug */ = {
			isa = XCBuildConfiguration;
			buildSettings = {
				ALWAYS_SEARCH_USER_PATHS = NO;
				CLANG_ANALYZER_NONNULL = YES;
				CLANG_ANALYZER_NUMBER_OBJECT_CONVERSION = YES_AGGRESSIVE;
				CLANG_CXX_LANGUAGE_STANDARD = "gnu++14";
				CLANG_CXX_LIBRARY = "libc++";
				CLANG_ENABLE_MODULES = YES;
				CLANG_ENABLE_OBJC_ARC = YES;
				CLANG_ENABLE_OBJC_WEAK = YES;
				CLANG_WARN_BLOCK_CAPTURE_AUTORELEASING = YES;
				CLANG_WARN_BOOL_CONVERSION = YES;
				CLANG_WARN_COMMA = YES;
				CLANG_WARN_CONSTANT_CONVERSION = YES;
				CLANG_WARN_DEPRECATED_OBJC_IMPLEMENTATIONS = YES;
				CLANG_WARN_DIRECT_OBJC_ISA_USAGE = YES_ERROR;
				CLANG_WARN_DOCUMENTATION_COMMENTS = YES;
				CLANG_WARN_EMPTY_BODY = YES;
				CLANG_WARN_ENUM_CONVERSION = YES;
				CLANG_WARN_INFINITE_RECURSION = YES;
				CLANG_WARN_INT_CONVERSION = YES;
				CLANG_WARN_NON_LITERAL_NULL_CONVERSION = YES;
				CLANG_WARN_OBJC_IMPLICIT_RETAIN_SELF = YES;
				CLANG_WARN_OBJC_LITERAL_CONVERSION = YES;
				CLANG_WARN_OBJC_ROOT_CLASS = YES_ERROR;
				CLANG_WARN_RANGE_LOOP_ANALYSIS = YES;
				CLANG_WARN_STRICT_PROTOTYPES = YES;
				CLANG_WARN_SUSPICIOUS_MOVE = YES;
				CLANG_WARN_UNGUARDED_AVAILABILITY = YES_AGGRESSIVE;
				CLANG_WARN_UNREACHABLE_CODE = YES;
				CLANG_WARN__DUPLICATE_METHOD_MATCH = YES;
				CODE_SIGN_IDENTITY = "iPhone Developer";
				COPY_PHASE_STRIP = NO;
				DEBUG_INFORMATION_FORMAT = dwarf;
				ENABLE_STRICT_OBJC_MSGSEND = YES;
				ENABLE_TESTABILITY = YES;
				GCC_C_LANGUAGE_STANDARD = gnu11;
				GCC_DYNAMIC_NO_PIC = NO;
				GCC_NO_COMMON_BLOCKS = YES;
				GCC_OPTIMIZATION_LEVEL = 0;
				GCC_PREPROCESSOR_DEFINITIONS = (
					"DEBUG=1",
					"$(inherited)",
				);
				GCC_WARN_64_TO_32_BIT_CONVERSION = YES;
				GCC_WARN_ABOUT_RETURN_TYPE = YES_ERROR;
				GCC_WARN_UNDECLARED_SELECTOR = YES;
				GCC_WARN_UNINITIALIZED_AUTOS = YES_AGGRESSIVE;
				GCC_WARN_UNUSED_FUNCTION = YES;
				GCC_WARN_UNUSED_VARIABLE = YES;
				IPHONEOS_DEPLOYMENT_TARGET = 12.4;
				MTL_ENABLE_DEBUG_INFO = INCLUDE_SOURCE;
				MTL_FAST_MATH = YES;
				ONLY_ACTIVE_ARCH = YES;
				SDKROOT = iphoneos;
				SWIFT_ACTIVE_COMPILATION_CONDITIONS = DEBUG;
				SWIFT_OPTIMIZATION_LEVEL = "-Onone";
			};
			name = Debug;
		};
		D412A31C2381D4AD00D5BAD1 /* Release */ = {
			isa = XCBuildConfiguration;
			buildSettings = {
				ALWAYS_SEARCH_USER_PATHS = NO;
				CLANG_ANALYZER_NONNULL = YES;
				CLANG_ANALYZER_NUMBER_OBJECT_CONVERSION = YES_AGGRESSIVE;
				CLANG_CXX_LANGUAGE_STANDARD = "gnu++14";
				CLANG_CXX_LIBRARY = "libc++";
				CLANG_ENABLE_MODULES = YES;
				CLANG_ENABLE_OBJC_ARC = YES;
				CLANG_ENABLE_OBJC_WEAK = YES;
				CLANG_WARN_BLOCK_CAPTURE_AUTORELEASING = YES;
				CLANG_WARN_BOOL_CONVERSION = YES;
				CLANG_WARN_COMMA = YES;
				CLANG_WARN_CONSTANT_CONVERSION = YES;
				CLANG_WARN_DEPRECATED_OBJC_IMPLEMENTATIONS = YES;
				CLANG_WARN_DIRECT_OBJC_ISA_USAGE = YES_ERROR;
				CLANG_WARN_DOCUMENTATION_COMMENTS = YES;
				CLANG_WARN_EMPTY_BODY = YES;
				CLANG_WARN_ENUM_CONVERSION = YES;
				CLANG_WARN_INFINITE_RECURSION = YES;
				CLANG_WARN_INT_CONVERSION = YES;
				CLANG_WARN_NON_LITERAL_NULL_CONVERSION = YES;
				CLANG_WARN_OBJC_IMPLICIT_RETAIN_SELF = YES;
				CLANG_WARN_OBJC_LITERAL_CONVERSION = YES;
				CLANG_WARN_OBJC_ROOT_CLASS = YES_ERROR;
				CLANG_WARN_RANGE_LOOP_ANALYSIS = YES;
				CLANG_WARN_STRICT_PROTOTYPES = YES;
				CLANG_WARN_SUSPICIOUS_MOVE = YES;
				CLANG_WARN_UNGUARDED_AVAILABILITY = YES_AGGRESSIVE;
				CLANG_WARN_UNREACHABLE_CODE = YES;
				CLANG_WARN__DUPLICATE_METHOD_MATCH = YES;
				CODE_SIGN_IDENTITY = "iPhone Developer";
				COPY_PHASE_STRIP = NO;
				DEBUG_INFORMATION_FORMAT = "dwarf-with-dsym";
				ENABLE_NS_ASSERTIONS = NO;
				ENABLE_STRICT_OBJC_MSGSEND = YES;
				GCC_C_LANGUAGE_STANDARD = gnu11;
				GCC_NO_COMMON_BLOCKS = YES;
				GCC_WARN_64_TO_32_BIT_CONVERSION = YES;
				GCC_WARN_ABOUT_RETURN_TYPE = YES_ERROR;
				GCC_WARN_UNDECLARED_SELECTOR = YES;
				GCC_WARN_UNINITIALIZED_AUTOS = YES_AGGRESSIVE;
				GCC_WARN_UNUSED_FUNCTION = YES;
				GCC_WARN_UNUSED_VARIABLE = YES;
				IPHONEOS_DEPLOYMENT_TARGET = 12.4;
				MTL_ENABLE_DEBUG_INFO = NO;
				MTL_FAST_MATH = YES;
				SDKROOT = iphoneos;
				SWIFT_COMPILATION_MODE = wholemodule;
				SWIFT_OPTIMIZATION_LEVEL = "-O";
				VALIDATE_PRODUCT = YES;
			};
			name = Release;
		};
		D412A31E2381D4AD00D5BAD1 /* Debug */ = {
			isa = XCBuildConfiguration;
			buildSettings = {
				ASSETCATALOG_COMPILER_APPICON_NAME = AppIcon;
				CODE_SIGN_STYLE = Automatic;
				DEVELOPMENT_TEAM = 53MBX7282H;
				INFOPLIST_FILE = "Personal Quiz/Info.plist";
				LD_RUNPATH_SEARCH_PATHS = (
					"$(inherited)",
					"@executable_path/Frameworks",
				);
				PRODUCT_BUNDLE_IDENTIFIER = "com.rmahmudov1980-.Personal-Quiz";
				PRODUCT_NAME = "$(TARGET_NAME)";
				SWIFT_VERSION = 5.0;
				TARGETED_DEVICE_FAMILY = "1,2";
			};
			name = Debug;
		};
		D412A31F2381D4AD00D5BAD1 /* Release */ = {
			isa = XCBuildConfiguration;
			buildSettings = {
				ASSETCATALOG_COMPILER_APPICON_NAME = AppIcon;
				CODE_SIGN_STYLE = Automatic;
				DEVELOPMENT_TEAM = 53MBX7282H;
				INFOPLIST_FILE = "Personal Quiz/Info.plist";
				LD_RUNPATH_SEARCH_PATHS = (
					"$(inherited)",
					"@executable_path/Frameworks",
				);
				PRODUCT_BUNDLE_IDENTIFIER = "com.rmahmudov1980-.Personal-Quiz";
				PRODUCT_NAME = "$(TARGET_NAME)";
				SWIFT_VERSION = 5.0;
				TARGETED_DEVICE_FAMILY = "1,2";
			};
			name = Release;
		};
/* End XCBuildConfiguration section */

/* Begin XCConfigurationList section */
		D412A3062381D4AC00D5BAD1 /* Build configuration list for PBXProject "Personal Quiz" */ = {
			isa = XCConfigurationList;
			buildConfigurations = (
				D412A31B2381D4AD00D5BAD1 /* Debug */,
				D412A31C2381D4AD00D5BAD1 /* Release */,
			);
			defaultConfigurationIsVisible = 0;
			defaultConfigurationName = Release;
		};
		D412A31D2381D4AD00D5BAD1 /* Build configuration list for PBXNativeTarget "Personal Quiz" */ = {
			isa = XCConfigurationList;
			buildConfigurations = (
				D412A31E2381D4AD00D5BAD1 /* Debug */,
				D412A31F2381D4AD00D5BAD1 /* Release */,
			);
			defaultConfigurationIsVisible = 0;
			defaultConfigurationName = Release;
		};
/* End XCConfigurationList section */
	};
	rootObject = D412A3032381D4AC00D5BAD1 /* Project object */;
}
